
Microsoft Visual Studio Solution File, Format Version 12.00
# Visual Studio Version 17
VisualStudioVersion = 17.2.32630.192
MinimumVisualStudioVersion = 10.0.40219.1
Project("{2150E333-8FDC-42A3-9474-1A3956D46DE8}") = "MVC", "MVC", "{0A87348C-007F-43C5-9F99-53C6C706F6DD}"
EndProject
Project("{9A19103F-16F7-4668-BE54-9A1E7A4F7556}") = "MVCWebAppOne", "MVC\MVCWebAppOne\MVCWebAppOne.csproj", "{181257F7-1BC8-43B2-AE2E-16CED0DE0CCE}"
EndProject
Project("{9A19103F-16F7-4668-BE54-9A1E7A4F7556}") = "MvcWebAppTwo", "MVC\MvcWebAppTwo\MvcWebAppTwo.csproj", "{3C2757A4-C7E4-4DFB-B4D9-B504970CAA03}"
EndProject
Project("{2150E333-8FDC-42A3-9474-1A3956D46DE8}") = "WebApi", "WebApi", "{426CE543-882C-496B-A5CF-370E31273CAA}"
EndProject
Project("{9A19103F-16F7-4668-BE54-9A1E7A4F7556}") = "CrudOpsCoreVersion6", "WebApi\CrudOpsCoreVersion6\CrudOpsCoreVersion6.csproj", "{FB85B4CE-5229-4CC4-A08D-224A680E4407}"
EndProject
Project("{2150E333-8FDC-42A3-9474-1A3956D46DE8}") = "AzureFunction", "AzureFunction", "{8F207A85-899A-44BE-8D6B-9DB6A295469C}"
EndProject
Project("{2150E333-8FDC-42A3-9474-1A3956D46DE8}") = "Console", "Console", "{7534AA75-BC03-4229-9990-ECBC66603FE3}"
EndProject
Project("{9A19103F-16F7-4668-BE54-9A1E7A4F7556}") = "ServiceBusSend", "Console\ServiceBusSend\ServiceBusSend.csproj", "{F9AEC90D-4731-4867-A3A6-A3122CE35D09}"
EndProject
Project("{9A19103F-16F7-4668-BE54-9A1E7A4F7556}") = "ServiceBusReceive", "Console\ServiceBusReceive\ServiceBusReceive.csproj", "{A61BC5A7-2286-4708-B045-FF1DC58DB4C0}"
EndProject
Project("{9A19103F-16F7-4668-BE54-9A1E7A4F7556}") = "ServiceBusQueueReceive", "AzureFunction\ServiceBusQueueReceive\ServiceBusQueueReceive.csproj", "{BAC72B62-0AAE-4EF4-B982-286FF5DAE605}"
EndProject
Project("{9A19103F-16F7-4668-BE54-9A1E7A4F7556}") = "ServiceBusTopicReceive", "AzureFunction\ServiceBusTopicReceive\ServiceBusTopicReceive.csproj", "{06005C0A-3E4D-42B9-AB76-7BAA220A7CA2}"
EndProject
Project("{9A19103F-16F7-4668-BE54-9A1E7A4F7556}") = "BlobTriggerExample", "AzureFunction\BlobTriggerExample\BlobTriggerExample.csproj", "{610C01F3-49D0-4EE7-93C8-F1F421189981}"
EndProject
Project("{9A19103F-16F7-4668-BE54-9A1E7A4F7556}") = "HttpTrigger", "AzureFunction\HttpTrigger\HttpTrigger.csproj", "{EFA7AD97-8302-4FA9-A98A-F8360AC46A56}"
EndProject
Project("{FAE04EC0-301F-11D3-BF4B-00C04F79EFBC}") = "HttpTriggerTest", "Tests\HttpTriggerTest\HttpTriggerTest.csproj", "{AD479C72-39E8-4D5E-973C-F1C9AC4BA494}"
EndProject
Global
	GlobalSection(SolutionConfigurationPlatforms) = preSolution
		Debug|Any CPU = Debug|Any CPU
		Release|Any CPU = Release|Any CPU
	EndGlobalSection
	GlobalSection(ProjectConfigurationPlatforms) = postSolution
		{181257F7-1BC8-43B2-AE2E-16CED0DE0CCE}.Debug|Any CPU.ActiveCfg = Debug|Any CPU
		{181257F7-1BC8-43B2-AE2E-16CED0DE0CCE}.Debug|Any CPU.Build.0 = Debug|Any CPU
		{181257F7-1BC8-43B2-AE2E-16CED0DE0CCE}.Release|Any CPU.ActiveCfg = Release|Any CPU
		{181257F7-1BC8-43B2-AE2E-16CED0DE0CCE}.Release|Any CPU.Build.0 = Release|Any CPU
		{3C2757A4-C7E4-4DFB-B4D9-B504970CAA03}.Debug|Any CPU.ActiveCfg = Debug|Any CPU
		{3C2757A4-C7E4-4DFB-B4D9-B504970CAA03}.Debug|Any CPU.Build.0 = Debug|Any CPU
		{3C2757A4-C7E4-4DFB-B4D9-B504970CAA03}.Release|Any CPU.ActiveCfg = Release|Any CPU
		{3C2757A4-C7E4-4DFB-B4D9-B504970CAA03}.Release|Any CPU.Build.0 = Release|Any CPU
		{FB85B4CE-5229-4CC4-A08D-224A680E4407}.Debug|Any CPU.ActiveCfg = Debug|Any CPU
		{FB85B4CE-5229-4CC4-A08D-224A680E4407}.Debug|Any CPU.Build.0 = Debug|Any CPU
		{FB85B4CE-5229-4CC4-A08D-224A680E4407}.Release|Any CPU.ActiveCfg = Release|Any CPU
		{FB85B4CE-5229-4CC4-A08D-224A680E4407}.Release|Any CPU.Build.0 = Release|Any CPU
		{F9AEC90D-4731-4867-A3A6-A3122CE35D09}.Debug|Any CPU.ActiveCfg = Debug|Any CPU
		{F9AEC90D-4731-4867-A3A6-A3122CE35D09}.Debug|Any CPU.Build.0 = Debug|Any CPU
		{F9AEC90D-4731-4867-A3A6-A3122CE35D09}.Release|Any CPU.ActiveCfg = Release|Any CPU
		{F9AEC90D-4731-4867-A3A6-A3122CE35D09}.Release|Any CPU.Build.0 = Release|Any CPU
		{A61BC5A7-2286-4708-B045-FF1DC58DB4C0}.Debug|Any CPU.ActiveCfg = Debug|Any CPU
		{A61BC5A7-2286-4708-B045-FF1DC58DB4C0}.Debug|Any CPU.Build.0 = Debug|Any CPU
		{A61BC5A7-2286-4708-B045-FF1DC58DB4C0}.Release|Any CPU.ActiveCfg = Release|Any CPU
		{A61BC5A7-2286-4708-B045-FF1DC58DB4C0}.Release|Any CPU.Build.0 = Release|Any CPU
		{BAC72B62-0AAE-4EF4-B982-286FF5DAE605}.Debug|Any CPU.ActiveCfg = Debug|Any CPU
		{BAC72B62-0AAE-4EF4-B982-286FF5DAE605}.Debug|Any CPU.Build.0 = Debug|Any CPU
		{BAC72B62-0AAE-4EF4-B982-286FF5DAE605}.Release|Any CPU.ActiveCfg = Release|Any CPU
		{BAC72B62-0AAE-4EF4-B982-286FF5DAE605}.Release|Any CPU.Build.0 = Release|Any CPU
		{06005C0A-3E4D-42B9-AB76-7BAA220A7CA2}.Debug|Any CPU.ActiveCfg = Debug|Any CPU
		{06005C0A-3E4D-42B9-AB76-7BAA220A7CA2}.Debug|Any CPU.Build.0 = Debug|Any CPU
		{06005C0A-3E4D-42B9-AB76-7BAA220A7CA2}.Release|Any CPU.ActiveCfg = Release|Any CPU
		{06005C0A-3E4D-42B9-AB76-7BAA220A7CA2}.Release|Any CPU.Build.0 = Release|Any CPU
		{610C01F3-49D0-4EE7-93C8-F1F421189981}.Debug|Any CPU.ActiveCfg = Debug|Any CPU
		{610C01F3-49D0-4EE7-93C8-F1F421189981}.Debug|Any CPU.Build.0 = Debug|Any CPU
		{610C01F3-49D0-4EE7-93C8-F1F421189981}.Release|Any CPU.ActiveCfg = Release|Any CPU
		{610C01F3-49D0-4EE7-93C8-F1F421189981}.Release|Any CPU.Build.0 = Release|Any CPU
		{EFA7AD97-8302-4FA9-A98A-F8360AC46A56}.Debug|Any CPU.ActiveCfg = Debug|Any CPU
		{EFA7AD97-8302-4FA9-A98A-F8360AC46A56}.Debug|Any CPU.Build.0 = Debug|Any CPU
		{EFA7AD97-8302-4FA9-A98A-F8360AC46A56}.Release|Any CPU.ActiveCfg = Release|Any CPU
		{EFA7AD97-8302-4FA9-A98A-F8360AC46A56}.Release|Any CPU.Build.0 = Release|Any CPU
		{AD479C72-39E8-4D5E-973C-F1C9AC4BA494}.Debug|Any CPU.ActiveCfg = Debug|Any CPU
		{AD479C72-39E8-4D5E-973C-F1C9AC4BA494}.Debug|Any CPU.Build.0 = Debug|Any CPU
		{AD479C72-39E8-4D5E-973C-F1C9AC4BA494}.Release|Any CPU.ActiveCfg = Release|Any CPU
		{AD479C72-39E8-4D5E-973C-F1C9AC4BA494}.Release|Any CPU.Build.0 = Release|Any CPU
	EndGlobalSection
	GlobalSection(SolutionProperties) = preSolution
		HideSolutionNode = FALSE
	EndGlobalSection
	GlobalSection(NestedProjects) = preSolution
		{181257F7-1BC8-43B2-AE2E-16CED0DE0CCE} = {0A87348C-007F-43C5-9F99-53C6C706F6DD}
		{3C2757A4-C7E4-4DFB-B4D9-B504970CAA03} = {0A87348C-007F-43C5-9F99-53C6C706F6DD}
		{FB85B4CE-5229-4CC4-A08D-224A680E4407} = {426CE543-882C-496B-A5CF-370E31273CAA}
		{F9AEC90D-4731-4867-A3A6-A3122CE35D09} = {7534AA75-BC03-4229-9990-ECBC66603FE3}
		{A61BC5A7-2286-4708-B045-FF1DC58DB4C0} = {7534AA75-BC03-4229-9990-ECBC66603FE3}
		{BAC72B62-0AAE-4EF4-B982-286FF5DAE605} = {8F207A85-899A-44BE-8D6B-9DB6A295469C}
		{06005C0A-3E4D-42B9-AB76-7BAA220A7CA2} = {8F207A85-899A-44BE-8D6B-9DB6A295469C}
		{610C01F3-49D0-4EE7-93C8-F1F421189981} = {8F207A85-899A-44BE-8D6B-9DB6A295469C}
		{EFA7AD97-8302-4FA9-A98A-F8360AC46A56} = {8F207A85-899A-44BE-8D6B-9DB6A295469C}
	EndGlobalSection
	GlobalSection(ExtensibilityGlobals) = postSolution
		SolutionGuid = {B69DC1E5-6EF9-4006-A6C6-EF331ECE814B}
	EndGlobalSection
EndGlobal
